
Microsoft Visual Studio Solution File, Format Version 12.00
# Visual Studio Version 17
VisualStudioVersion = 17.2.32602.215
MinimumVisualStudioVersion = 10.0.40219.1
Project("{9A19103F-16F7-4668-BE54-9A1E7A4F7556}") = "KebabMaster.Authorization.WebApi", "KebabMaster.Authorization.WebApi\KebabMaster.Authorization.WebApi.csproj", "{0B089CAB-540F-43A2-8519-095A9016BC7C}"
EndProject
Project("{9A19103F-16F7-4668-BE54-9A1E7A4F7556}") = "KebabMaster.Authorization.Domain", "KebabMaster.Authorization.Domain\KebabMaster.Authorization.Domain.csproj", "{B07A4F6C-67F4-4FF1-ABFB-420D3FC35000}"
EndProject
Project("{9A19103F-16F7-4668-BE54-9A1E7A4F7556}") = "KebabMaster.Authorization.Infrastructure", "KebabMaster.Authorization.Infrastructure\KebabMaster.Authorization.Infrastructure.csproj", "{A5F285C3-85B1-4336-956B-4445A1D7EAEC}"
EndProject
Project("{2150E333-8FDC-42A3-9474-1A3956D46DE8}") = "Tests", "Tests", "{35BA804B-6A98-40B8-ACB7-033B77747251}"
EndProject
Project("{9A19103F-16F7-4668-BE54-9A1E7A4F7556}") = "KebabMaster.Authorization.Domain.Tests", "KebabMaster.Authorization.Domain.Tests\KebabMaster.Authorization.Domain.Tests.csproj", "{C634E879-A770-4A18-B831-E1CE3A1AB5F0}"
EndProject
Global
	GlobalSection(SolutionConfigurationPlatforms) = preSolution
		Debug|Any CPU = Debug|Any CPU
		Release|Any CPU = Release|Any CPU
	EndGlobalSection
	GlobalSection(ProjectConfigurationPlatforms) = postSolution
		{0B089CAB-540F-43A2-8519-095A9016BC7C}.Debug|Any CPU.ActiveCfg = Debug|Any CPU
		{0B089CAB-540F-43A2-8519-095A9016BC7C}.Debug|Any CPU.Build.0 = Debug|Any CPU
		{0B089CAB-540F-43A2-8519-095A9016BC7C}.Release|Any CPU.ActiveCfg = Release|Any CPU
		{0B089CAB-540F-43A2-8519-095A9016BC7C}.Release|Any CPU.Build.0 = Release|Any CPU
		{B07A4F6C-67F4-4FF1-ABFB-420D3FC35000}.Debug|Any CPU.ActiveCfg = Debug|Any CPU
		{B07A4F6C-67F4-4FF1-ABFB-420D3FC35000}.Debug|Any CPU.Build.0 = Debug|Any CPU
		{B07A4F6C-67F4-4FF1-ABFB-420D3FC35000}.Release|Any CPU.ActiveCfg = Release|Any CPU
		{B07A4F6C-67F4-4FF1-ABFB-420D3FC35000}.Release|Any CPU.Build.0 = Release|Any CPU
		{A5F285C3-85B1-4336-956B-4445A1D7EAEC}.Debug|Any CPU.ActiveCfg = Debug|Any CPU
		{A5F285C3-85B1-4336-956B-4445A1D7EAEC}.Debug|Any CPU.Build.0 = Debug|Any CPU
		{A5F285C3-85B1-4336-956B-4445A1D7EAEC}.Release|Any CPU.ActiveCfg = Release|Any CPU
		{A5F285C3-85B1-4336-956B-4445A1D7EAEC}.Release|Any CPU.Build.0 = Release|Any CPU
		{C634E879-A770-4A18-B831-E1CE3A1AB5F0}.Debug|Any CPU.ActiveCfg = Debug|Any CPU
		{C634E879-A770-4A18-B831-E1CE3A1AB5F0}.Debug|Any CPU.Build.0 = Debug|Any CPU
		{C634E879-A770-4A18-B831-E1CE3A1AB5F0}.Release|Any CPU.ActiveCfg = Release|Any CPU
		{C634E879-A770-4A18-B831-E1CE3A1AB5F0}.Release|Any CPU.Build.0 = Release|Any CPU
	EndGlobalSection
	GlobalSection(SolutionProperties) = preSolution
		HideSolutionNode = FALSE
	EndGlobalSection
	GlobalSection(NestedProjects) = preSolution
		{C634E879-A770-4A18-B831-E1CE3A1AB5F0} = {35BA804B-6A98-40B8-ACB7-033B77747251}
	EndGlobalSection
	GlobalSection(ExtensibilityGlobals) = postSolution
		SolutionGuid = {40645537-73C6-4038-BB2D-B40FFC7CB501}
	EndGlobalSection
EndGlobal
